<?xml version="1.0" encoding="utf-8"?>
<Project ToolsVersion="4.0" xmlns="http://schemas.microsoft.com/developer/msbuild/2003">
  <ItemGroup>
    <Filter Include="Zdrojové soubory">
      <UniqueIdentifier>{4FC737F1-C7A5-4376-A066-2A32D752A2FF}</UniqueIdentifier>
      <Extensions>cpp;c;cc;cxx;c++;cppm;ixx;def;odl;idl;hpj;bat;asm;asmx</Extensions>
    </Filter>
    <Filter Include="Hlavičkové soubory">
      <UniqueIdentifier>{93995380-89BD-4b04-88EB-625FBE52EBFB}</UniqueIdentifier>
      <Extensions>h;hh;hpp;hxx;h++;hm;inl;inc;ipp;xsd</Extensions>
    </Filter>
    <Filter Include="Soubory zdrojů">
      <UniqueIdentifier>{67DA6AB6-F800-4c08-8B7A-83BB121AAD01}</UniqueIdentifier>
      <Extensions>rc;ico;cur;bmp;dlg;rc2;rct;bin;rgs;gif;jpg;jpeg;jpe;resx;tiff;tif;png;wav;mfcribbon-ms</Extensions>
    </Filter>
    <Filter Include="Zdrojové soubory\logger">
      <UniqueIdentifier>{24dd2e2f-0721-475b-af42-7b931f833ef4}</UniqueIdentifier>
    </Filter>
    <Filter Include="Zdrojové soubory\camera">
      <UniqueIdentifier>{18c2ebec-2649-40ab-a822-0e201867b2cb}</UniqueIdentifier>
    </Filter>
    <Filter Include="Zdrojové soubory\controls">
      <UniqueIdentifier>{aae97d7c-5837-426b-b5bd-5f69625f4908}</UniqueIdentifier>
    </Filter>
    <Filter Include="Zdrojové soubory\frame">
      <UniqueIdentifier>{9d78154c-93cd-4555-a4e6-2d08e5aa6c71}</UniqueIdentifier>
    </Filter>
    <Filter Include="Zdrojové soubory\vactor3d">
      <UniqueIdentifier>{3cdd077c-e313-4531-be4a-5e0584775553}</UniqueIdentifier>
    </Filter>
    <Filter Include="Zdrojové soubory\drawings01">
      <UniqueIdentifier>{39796ced-ca9d-4dbd-a083-0031552391b5}</UniqueIdentifier>
    </Filter>
    <Filter Include="Zdrojové soubory\glfw_render">
      <UniqueIdentifier>{16d55bcf-89c0-49f1-9f51-292b8cf1c238}</UniqueIdentifier>
    </Filter>
    <Filter Include="Zdrojové soubory\vulkan_renderer">
      <UniqueIdentifier>{82d96da0-0092-44ff-80da-f0083d98917a}</UniqueIdentifier>
    </Filter>
  </ItemGroup>
  <ItemGroup>
    <ClCompile Include="main.cpp">
      <Filter>Zdrojové soubory</Filter>
    </ClCompile>
    <ClCompile Include="src\logger\logger.cpp">
      <Filter>Zdrojové soubory\logger</Filter>
    </ClCompile>
    <ClCompile Include="src\camera\camera.cpp">
      <Filter>Zdrojové soubory\camera</Filter>
    </ClCompile>
    <ClCompile Include="src\frame\frame.cpp">
      <Filter>Zdrojové soubory\frame</Filter>
    </ClCompile>
    <ClCompile Include="src\vector3d\vector3d.cpp">
      <Filter>Zdrojové soubory\vactor3d</Filter>
    </ClCompile>
    <ClCompile Include="src\vkrenderer\vk_renderer.cpp">
      <Filter>Zdrojové soubory\vulkan_renderer</Filter>
    </ClCompile>
  </ItemGroup>
  <ItemGroup>
    <ClInclude Include="src\logger\logger.hpp">
      <Filter>Zdrojové soubory\logger</Filter>
    </ClInclude>
    <ClInclude Include="src\camera\camera.hpp">
      <Filter>Zdrojové soubory\camera</Filter>
    </ClInclude>
    <ClInclude Include="src\camera\controls.hpp">
      <Filter>Zdrojové soubory\controls</Filter>
    </ClInclude>
    <ClInclude Include="src\controls\controls_static.hpp">
      <Filter>Zdrojové soubory\controls</Filter>
    </ClInclude>
    <ClInclude Include="src\frame\frame.hpp">
      <Filter>Zdrojové soubory\frame</Filter>
    </ClInclude>
    <ClInclude Include="src\vector3d\vector3d.hpp">
      <Filter>Zdrojové soubory\vactor3d</Filter>
    </ClInclude>
    <ClInclude Include="src\drawings\drawings.hpp">
      <Filter>Zdrojové soubory\drawings01</Filter>
    </ClInclude>
    <ClInclude Include="src\engine\engine.hpp">
      <Filter>Zdrojové soubory\glfw_render</Filter>
    </ClInclude>
    <ClInclude Include="src\vkrenderer\vk_renderer.hpp">
      <Filter>Zdrojové soubory\vulkan_renderer</Filter>
    </ClInclude>
  </ItemGroup>
</Project>